
Microsoft Visual Studio Solution File, Format Version 12.00
# Visual Studio Version 17
VisualStudioVersion = 17.7.34031.279
MinimumVisualStudioVersion = 10.0.40219.1
Project("{FAE04EC0-301F-11D3-BF4B-00C04F79EFBC}") = "WindowsFormsApp1", "WindowsFormsApp1\WindowsFormsApp1.csproj", "{AD794F7F-D546-454D-9B77-93BBE174762E}"
EndProject
Global
	GlobalSection(SolutionConfigurationPlatforms) = preSolution
		Debug|Any CPU = Debug|Any CPU
		Release|Any CPU = Release|Any CPU
	EndGlobalSection
	GlobalSection(ProjectConfigurationPlatforms) = postSolution
		{AD794F7F-D546-454D-9B77-93BBE174762E}.Debug|Any CPU.ActiveCfg = Debug|Any CPU
		{AD794F7F-D546-454D-9B77-93BBE174762E}.Debug|Any CPU.Build.0 = Debug|Any CPU
		{AD794F7F-D546-454D-9B77-93BBE174762E}.Release|Any CPU.ActiveCfg = Release|Any CPU
		{AD794F7F-D546-454D-9B77-93BBE174762E}.Release|Any CPU.Build.0 = Release|Any CPU
	EndGlobalSection
	GlobalSection(SolutionProperties) = preSolution
		HideSolutionNode = FALSE
	EndGlobalSection
	GlobalSection(ExtensibilityGlobals) = postSolution
		SolutionGuid = {6922172C-025C-4D80-8E02-96599FD7C463}
	EndGlobalSection
EndGlobal
